
Microsoft Visual Studio Solution File, Format Version 12.00
# Visual Studio 15
VisualStudioVersion = 15.0.28010.2041
MinimumVisualStudioVersion = 10.0.40219.1
Project("{FAE04EC0-301F-11D3-BF4B-00C04F79EFBC}") = "WebApplication1", "WebApplication1\WebApplication1.csproj", "{1339A2A5-9B3D-4B9D-BF90-EF4531C5DBCE}"
EndProject
Global
	GlobalSection(SolutionConfigurationPlatforms) = preSolution
		Debug|Any CPU = Debug|Any CPU
		Release|Any CPU = Release|Any CPU
	EndGlobalSection
	GlobalSection(ProjectConfigurationPlatforms) = postSolution
		{1339A2A5-9B3D-4B9D-BF90-EF4531C5DBCE}.Debug|Any CPU.ActiveCfg = Debug|Any CPU
		{1339A2A5-9B3D-4B9D-BF90-EF4531C5DBCE}.Debug|Any CPU.Build.0 = Debug|Any CPU
		{1339A2A5-9B3D-4B9D-BF90-EF4531C5DBCE}.Release|Any CPU.ActiveCfg = Release|Any CPU
		{1339A2A5-9B3D-4B9D-BF90-EF4531C5DBCE}.Release|Any CPU.Build.0 = Release|Any CPU
	EndGlobalSection
	GlobalSection(SolutionProperties) = preSolution
		HideSolutionNode = FALSE
	EndGlobalSection
	GlobalSection(ExtensibilityGlobals) = postSolution
		SolutionGuid = {3E1B0ED9-70FC-4822-8A08-C08944330D06}
	EndGlobalSection
EndGlobal
